
Microsoft Visual Studio Solution File, Format Version 12.00
# Visual Studio Version 17
VisualStudioVersion = 17.8.34330.188
MinimumVisualStudioVersion = 10.0.40219.1
Project("{9A19103F-16F7-4668-BE54-9A1E7A4F7556}") = "Parcial1_AP1_YudelkaGuillen", "Parcial1_AP1_YudelkaGuillen.csproj", "{89248FB1-0DAD-4FC4-8047-52F6026DF694}"
EndProject
Global
	GlobalSection(SolutionConfigurationPlatforms) = preSolution
		Debug|Any CPU = Debug|Any CPU
		Release|Any CPU = Release|Any CPU
	EndGlobalSection
	GlobalSection(ProjectConfigurationPlatforms) = postSolution
		{89248FB1-0DAD-4FC4-8047-52F6026DF694}.Debug|Any CPU.ActiveCfg = Debug|Any CPU
		{89248FB1-0DAD-4FC4-8047-52F6026DF694}.Debug|Any CPU.Build.0 = Debug|Any CPU
		{89248FB1-0DAD-4FC4-8047-52F6026DF694}.Release|Any CPU.ActiveCfg = Release|Any CPU
		{89248FB1-0DAD-4FC4-8047-52F6026DF694}.Release|Any CPU.Build.0 = Release|Any CPU
	EndGlobalSection
	GlobalSection(SolutionProperties) = preSolution
		HideSolutionNode = FALSE
	EndGlobalSection
	GlobalSection(ExtensibilityGlobals) = postSolution
		SolutionGuid = {E033ECF7-3EF8-4ECC-AE0E-262455A9AFC6}
	EndGlobalSection
EndGlobal
